{
  "name": "projectlumiere-technical-interview",
  "version": "1.0.0",
  "lockfileVersion": 2,
  "requires": true,
  "packages": {
    "": {
      "name": "projectlumiere-technical-interview",
      "version": "1.0.0",
      "license": "ISC",
      "dependencies": {
        "mipsum": "^2.4.2"
      }
    },
    "node_modules/mipsum": {
      "version": "2.4.2",
      "resolved": "https://registry.npmjs.org/mipsum/-/mipsum-2.4.2.tgz",
      "integrity": "sha512-/i8b5RAKafq0dZnpJ1lP/Pc76njFiUgYwZsgPAzRO8UxJibM0BEsba3JuEe4+CUoSbHkzmFFtUoBZbJ0K7Abiw=="
    }
  },
  "dependencies": {
    "mipsum": {
      "version": "2.4.2",
      "resolved": "https://registry.npmjs.org/mipsum/-/mipsum-2.4.2.tgz",
      "integrity": "sha512-/i8b5RAKafq0dZnpJ1lP/Pc76njFiUgYwZsgPAzRO8UxJibM0BEsba3JuEe4+CUoSbHkzmFFtUoBZbJ0K7Abiw=="
    }
  }
}
